
Microsoft Visual Studio Solution File, Format Version 12.00
Project("{2150E333-8FDC-42A3-9474-1A3956D46DE8}") = "PresentationTier", "PresentationTier", "{561011B0-4CCF-4566-88DD-8A7E33DD2EA7}"
EndProject
Project("{2150E333-8FDC-42A3-9474-1A3956D46DE8}") = "BusinessTier", "BusinessTier", "{29C92CE6-C19F-4A2F-8C11-A22484B6DEB8}"
EndProject
Project("{FAE04EC0-301F-11D3-BF4B-00C04F79EFBC}") = "BlazorApp", "PresentationTier\BlazorApp\BlazorApp.csproj", "{B20011F3-0BA3-41DE-B1C4-1F60254277AD}"
EndProject
Project("{FAE04EC0-301F-11D3-BF4B-00C04F79EFBC}") = "BusinessWebAPI", "BusinessTier\BusinessWebAPI\BusinessWebAPI.csproj", "{D1CE8A60-1766-4768-801D-85E0F8F7385E}"
EndProject
Project("{2150E333-8FDC-42A3-9474-1A3956D46DE8}") = "PersistenceTier", "PersistenceTier", "{30E7B927-2021-4884-8AEC-63BB597C99AC}"
EndProject
Project("{FAE04EC0-301F-11D3-BF4B-00C04F79EFBC}") = "PersistenceWebAPI", "PersistenceTier\PersistenceWebAPI\PersistenceWebAPI.csproj", "{1B326D80-77DE-4E06-A76C-88EE75AEDE8A}"
EndProject
Project("{FAE04EC0-301F-11D3-BF4B-00C04F79EFBC}") = "Shared", "Shared\Shared.csproj", "{566AD1EE-A8BB-490B-A0EC-5A682E9154C5}"
EndProject
Project("{FAE04EC0-301F-11D3-BF4B-00C04F79EFBC}") = "BusinessLogic", "BusinessTier\BusinessLogic\BusinessLogic.csproj", "{9107E860-2BD3-47D4-9EEE-E26FFF462A83}"
EndProject
Project("{FAE04EC0-301F-11D3-BF4B-00C04F79EFBC}") = "Application", "PersistenceTier\Application\Application.csproj", "{85BFE701-D913-4A83-9FCB-35DF96FFF5AF}"
EndProject
Project("{FAE04EC0-301F-11D3-BF4B-00C04F79EFBC}") = "PersistenceLogic", "PersistenceTier\PersistenceLogic\PersistenceLogic.csproj", "{6547844B-945C-494C-9763-A1DD5456526A}"
EndProject
Project("{FAE04EC0-301F-11D3-BF4B-00C04F79EFBC}") = "BusinessApplication", "BusinessTier\BusinessApplication\BusinessApplication.csproj", "{88918EFB-386B-4EBA-8AA2-B88C55DF58E3}"
EndProject
Project("{FAE04EC0-301F-11D3-BF4B-00C04F79EFBC}") = "HttpClients", "PresentationTier\HttpClients\HttpClients.csproj", "{A01B068B-7C63-4750-B381-6AEB216F19F5}"
EndProject
Project("{FAE04EC0-301F-11D3-BF4B-00C04F79EFBC}") = "EFC_DataAccess", "PersistenceTier\EFC_DataAccess\EFC_DataAccess.csproj", "{7D777AAF-47CA-4ADE-BAF3-DFB3F4A837A9}"
EndProject
Global
	GlobalSection(SolutionConfigurationPlatforms) = preSolution
		Debug|Any CPU = Debug|Any CPU
		Release|Any CPU = Release|Any CPU
	EndGlobalSection
	GlobalSection(NestedProjects) = preSolution
		{B20011F3-0BA3-41DE-B1C4-1F60254277AD} = {561011B0-4CCF-4566-88DD-8A7E33DD2EA7}
		{D1CE8A60-1766-4768-801D-85E0F8F7385E} = {29C92CE6-C19F-4A2F-8C11-A22484B6DEB8}
		{1B326D80-77DE-4E06-A76C-88EE75AEDE8A} = {30E7B927-2021-4884-8AEC-63BB597C99AC}
		{9107E860-2BD3-47D4-9EEE-E26FFF462A83} = {29C92CE6-C19F-4A2F-8C11-A22484B6DEB8}
		{85BFE701-D913-4A83-9FCB-35DF96FFF5AF} = {30E7B927-2021-4884-8AEC-63BB597C99AC}
		{6547844B-945C-494C-9763-A1DD5456526A} = {30E7B927-2021-4884-8AEC-63BB597C99AC}
		{88918EFB-386B-4EBA-8AA2-B88C55DF58E3} = {29C92CE6-C19F-4A2F-8C11-A22484B6DEB8}
		{A01B068B-7C63-4750-B381-6AEB216F19F5} = {561011B0-4CCF-4566-88DD-8A7E33DD2EA7}
		{7D777AAF-47CA-4ADE-BAF3-DFB3F4A837A9} = {30E7B927-2021-4884-8AEC-63BB597C99AC}
	EndGlobalSection
	GlobalSection(ProjectConfigurationPlatforms) = postSolution
		{B20011F3-0BA3-41DE-B1C4-1F60254277AD}.Debug|Any CPU.ActiveCfg = Debug|Any CPU
		{B20011F3-0BA3-41DE-B1C4-1F60254277AD}.Debug|Any CPU.Build.0 = Debug|Any CPU
		{B20011F3-0BA3-41DE-B1C4-1F60254277AD}.Release|Any CPU.ActiveCfg = Release|Any CPU
		{B20011F3-0BA3-41DE-B1C4-1F60254277AD}.Release|Any CPU.Build.0 = Release|Any CPU
		{D1CE8A60-1766-4768-801D-85E0F8F7385E}.Debug|Any CPU.ActiveCfg = Debug|Any CPU
		{D1CE8A60-1766-4768-801D-85E0F8F7385E}.Debug|Any CPU.Build.0 = Debug|Any CPU
		{D1CE8A60-1766-4768-801D-85E0F8F7385E}.Release|Any CPU.ActiveCfg = Release|Any CPU
		{D1CE8A60-1766-4768-801D-85E0F8F7385E}.Release|Any CPU.Build.0 = Release|Any CPU
		{1B326D80-77DE-4E06-A76C-88EE75AEDE8A}.Debug|Any CPU.ActiveCfg = Debug|Any CPU
		{1B326D80-77DE-4E06-A76C-88EE75AEDE8A}.Debug|Any CPU.Build.0 = Debug|Any CPU
		{1B326D80-77DE-4E06-A76C-88EE75AEDE8A}.Release|Any CPU.ActiveCfg = Release|Any CPU
		{1B326D80-77DE-4E06-A76C-88EE75AEDE8A}.Release|Any CPU.Build.0 = Release|Any CPU
		{566AD1EE-A8BB-490B-A0EC-5A682E9154C5}.Debug|Any CPU.ActiveCfg = Debug|Any CPU
		{566AD1EE-A8BB-490B-A0EC-5A682E9154C5}.Debug|Any CPU.Build.0 = Debug|Any CPU
		{566AD1EE-A8BB-490B-A0EC-5A682E9154C5}.Release|Any CPU.ActiveCfg = Release|Any CPU
		{566AD1EE-A8BB-490B-A0EC-5A682E9154C5}.Release|Any CPU.Build.0 = Release|Any CPU
		{9107E860-2BD3-47D4-9EEE-E26FFF462A83}.Debug|Any CPU.ActiveCfg = Debug|Any CPU
		{9107E860-2BD3-47D4-9EEE-E26FFF462A83}.Debug|Any CPU.Build.0 = Debug|Any CPU
		{9107E860-2BD3-47D4-9EEE-E26FFF462A83}.Release|Any CPU.ActiveCfg = Release|Any CPU
		{9107E860-2BD3-47D4-9EEE-E26FFF462A83}.Release|Any CPU.Build.0 = Release|Any CPU
		{85BFE701-D913-4A83-9FCB-35DF96FFF5AF}.Debug|Any CPU.ActiveCfg = Debug|Any CPU
		{85BFE701-D913-4A83-9FCB-35DF96FFF5AF}.Debug|Any CPU.Build.0 = Debug|Any CPU
		{85BFE701-D913-4A83-9FCB-35DF96FFF5AF}.Release|Any CPU.ActiveCfg = Release|Any CPU
		{85BFE701-D913-4A83-9FCB-35DF96FFF5AF}.Release|Any CPU.Build.0 = Release|Any CPU
		{6547844B-945C-494C-9763-A1DD5456526A}.Debug|Any CPU.ActiveCfg = Debug|Any CPU
		{6547844B-945C-494C-9763-A1DD5456526A}.Debug|Any CPU.Build.0 = Debug|Any CPU
		{6547844B-945C-494C-9763-A1DD5456526A}.Release|Any CPU.ActiveCfg = Release|Any CPU
		{6547844B-945C-494C-9763-A1DD5456526A}.Release|Any CPU.Build.0 = Release|Any CPU
		{88918EFB-386B-4EBA-8AA2-B88C55DF58E3}.Debug|Any CPU.ActiveCfg = Debug|Any CPU
		{88918EFB-386B-4EBA-8AA2-B88C55DF58E3}.Debug|Any CPU.Build.0 = Debug|Any CPU
		{88918EFB-386B-4EBA-8AA2-B88C55DF58E3}.Release|Any CPU.ActiveCfg = Release|Any CPU
		{88918EFB-386B-4EBA-8AA2-B88C55DF58E3}.Release|Any CPU.Build.0 = Release|Any CPU
		{7D777AAF-47CA-4ADE-BAF3-DFB3F4A837A9}.Debug|Any CPU.ActiveCfg = Debug|Any CPU
		{7D777AAF-47CA-4ADE-BAF3-DFB3F4A837A9}.Debug|Any CPU.Build.0 = Debug|Any CPU
		{A01B068B-7C63-4750-B381-6AEB216F19F5}.Debug|Any CPU.ActiveCfg = Debug|Any CPU
		{A01B068B-7C63-4750-B381-6AEB216F19F5}.Debug|Any CPU.Build.0 = Debug|Any CPU
	EndGlobalSection
EndGlobal
